
Microsoft Visual Studio Solution File, Format Version 12.00
# Visual Studio Version 16
VisualStudioVersion = 16.0.30320.27
MinimumVisualStudioVersion = 10.0.40219.1
Project("{9A19103F-16F7-4668-BE54-9A1E7A4F7556}") = "rcLogsBase", "rcLogsBase\rcLogsBase.csproj", "{DF1CFD87-69FF-4417-B5BE-3730198E2D6C}"
EndProject
Project("{9A19103F-16F7-4668-BE54-9A1E7A4F7556}") = "rcLogs_Log4Net", "rcLogs_Log4Net\rcLogs_Log4Net.csproj", "{31B683D2-5F49-4495-BB01-263EA0CFC6F2}"
EndProject
Project("{9A19103F-16F7-4668-BE54-9A1E7A4F7556}") = "rcLogs_Serilog", "rcLogs_Serilog\rcLogs_Serilog.csproj", "{0B06D0F2-552A-4EC8-9C0D-469A3A900747}"
EndProject
Global
	GlobalSection(SolutionConfigurationPlatforms) = preSolution
		Debug|Any CPU = Debug|Any CPU
		Release|Any CPU = Release|Any CPU
	EndGlobalSection
	GlobalSection(ProjectConfigurationPlatforms) = postSolution
		{DF1CFD87-69FF-4417-B5BE-3730198E2D6C}.Debug|Any CPU.ActiveCfg = Debug|Any CPU
		{DF1CFD87-69FF-4417-B5BE-3730198E2D6C}.Debug|Any CPU.Build.0 = Debug|Any CPU
		{DF1CFD87-69FF-4417-B5BE-3730198E2D6C}.Release|Any CPU.ActiveCfg = Release|Any CPU
		{DF1CFD87-69FF-4417-B5BE-3730198E2D6C}.Release|Any CPU.Build.0 = Release|Any CPU
		{31B683D2-5F49-4495-BB01-263EA0CFC6F2}.Debug|Any CPU.ActiveCfg = Debug|Any CPU
		{31B683D2-5F49-4495-BB01-263EA0CFC6F2}.Debug|Any CPU.Build.0 = Debug|Any CPU
		{31B683D2-5F49-4495-BB01-263EA0CFC6F2}.Release|Any CPU.ActiveCfg = Release|Any CPU
		{31B683D2-5F49-4495-BB01-263EA0CFC6F2}.Release|Any CPU.Build.0 = Release|Any CPU
		{0B06D0F2-552A-4EC8-9C0D-469A3A900747}.Debug|Any CPU.ActiveCfg = Debug|Any CPU
		{0B06D0F2-552A-4EC8-9C0D-469A3A900747}.Debug|Any CPU.Build.0 = Debug|Any CPU
		{0B06D0F2-552A-4EC8-9C0D-469A3A900747}.Release|Any CPU.ActiveCfg = Release|Any CPU
		{0B06D0F2-552A-4EC8-9C0D-469A3A900747}.Release|Any CPU.Build.0 = Release|Any CPU
	EndGlobalSection
	GlobalSection(SolutionProperties) = preSolution
		HideSolutionNode = FALSE
	EndGlobalSection
	GlobalSection(ExtensibilityGlobals) = postSolution
		SolutionGuid = {1964AC4B-B151-45B5-9446-CDCFC1815D34}
	EndGlobalSection
EndGlobal
